
Microsoft Visual Studio Solution File, Format Version 12.00
# Visual Studio Version 17
VisualStudioVersion = 17.13.35828.75 d17.13
MinimumVisualStudioVersion = 10.0.40219.1
Project("{FAE04EC0-301F-11D3-BF4B-00C04F79EFBC}") = "UIAutomationTests", "UIAutomationTests.csproj", "{CCEF28A9-B8C7-47E1-96E5-1B0357AF97F0}"
EndProject
Global
	GlobalSection(SolutionConfigurationPlatforms) = preSolution
		Debug|Any CPU = Debug|Any CPU
		Release|Any CPU = Release|Any CPU
	EndGlobalSection
	GlobalSection(ProjectConfigurationPlatforms) = postSolution
		{CCEF28A9-B8C7-47E1-96E5-1B0357AF97F0}.Debug|Any CPU.ActiveCfg = Debug|Any CPU
		{CCEF28A9-B8C7-47E1-96E5-1B0357AF97F0}.Debug|Any CPU.Build.0 = Debug|Any CPU
		{CCEF28A9-B8C7-47E1-96E5-1B0357AF97F0}.Release|Any CPU.ActiveCfg = Release|Any CPU
		{CCEF28A9-B8C7-47E1-96E5-1B0357AF97F0}.Release|Any CPU.Build.0 = Release|Any CPU
	EndGlobalSection
	GlobalSection(SolutionProperties) = preSolution
		HideSolutionNode = FALSE
	EndGlobalSection
	GlobalSection(ExtensibilityGlobals) = postSolution
		SolutionGuid = {9E74C0B6-4E21-47B5-9030-BB7796EC0B47}
	EndGlobalSection
EndGlobal
