
Microsoft Visual Studio Solution File, Format Version 12.00
# Visual Studio Version 17
VisualStudioVersion = 17.13.35828.75 d17.13
MinimumVisualStudioVersion = 10.0.40219.1
Project("{FAE04EC0-301F-11D3-BF4B-00C04F79EFBC}") = "Laboratorio1_C20060", "Laboratorio1_C20060.csproj", "{EF5C60BD-4531-9D61-9201-E6356593A65A}"
EndProject
Global
	GlobalSection(SolutionConfigurationPlatforms) = preSolution
		Debug|Any CPU = Debug|Any CPU
		Release|Any CPU = Release|Any CPU
	EndGlobalSection
	GlobalSection(ProjectConfigurationPlatforms) = postSolution
		{EF5C60BD-4531-9D61-9201-E6356593A65A}.Debug|Any CPU.ActiveCfg = Debug|Any CPU
		{EF5C60BD-4531-9D61-9201-E6356593A65A}.Debug|Any CPU.Build.0 = Debug|Any CPU
		{EF5C60BD-4531-9D61-9201-E6356593A65A}.Release|Any CPU.ActiveCfg = Release|Any CPU
		{EF5C60BD-4531-9D61-9201-E6356593A65A}.Release|Any CPU.Build.0 = Release|Any CPU
	EndGlobalSection
	GlobalSection(SolutionProperties) = preSolution
		HideSolutionNode = FALSE
	EndGlobalSection
	GlobalSection(ExtensibilityGlobals) = postSolution
		SolutionGuid = {11675BA7-8686-4D55-89FF-06C2B9A0278D}
	EndGlobalSection
EndGlobal
